
Microsoft Visual Studio Solution File, Format Version 12.00
# Visual Studio Version 17
VisualStudioVersion = 17.0.31903.59
MinimumVisualStudioVersion = 10.0.40219.1
Project("{FAE04EC0-301F-11D3-BF4B-00C04F79EFBC}") = "API", "API\API.csproj", "{C39858F7-33F2-4981-8AD9-9FCA12F9E2E4}"
EndProject
Project("{FAE04EC0-301F-11D3-BF4B-00C04F79EFBC}") = "Application", "Application\Application.csproj", "{A5296BC7-931E-4BF4-8B55-10E7F905F762}"
EndProject
Project("{FAE04EC0-301F-11D3-BF4B-00C04F79EFBC}") = "Domain", "Domain\Domain.csproj", "{0C92534F-B803-42B6-9E53-25A9789F1E6B}"
EndProject
Project("{FAE04EC0-301F-11D3-BF4B-00C04F79EFBC}") = "Persistence", "Persistence\Persistence.csproj", "{3A5B3EE3-6BFC-4D8D-91D3-943AC981CA1F}"
EndProject
Project("{FAE04EC0-301F-11D3-BF4B-00C04F79EFBC}") = "Infrastructure", "Infrastructure\Infrastructure.csproj", "{CBFF19AB-51A4-49E2-A10D-8D8AD859DD66}"
EndProject
Global
	GlobalSection(SolutionConfigurationPlatforms) = preSolution
		Debug|Any CPU = Debug|Any CPU
		Debug|x64 = Debug|x64
		Debug|x86 = Debug|x86
		Release|Any CPU = Release|Any CPU
		Release|x64 = Release|x64
		Release|x86 = Release|x86
	EndGlobalSection
	GlobalSection(ProjectConfigurationPlatforms) = postSolution
		{C39858F7-33F2-4981-8AD9-9FCA12F9E2E4}.Debug|Any CPU.ActiveCfg = Debug|Any CPU
		{C39858F7-33F2-4981-8AD9-9FCA12F9E2E4}.Debug|Any CPU.Build.0 = Debug|Any CPU
		{C39858F7-33F2-4981-8AD9-9FCA12F9E2E4}.Debug|x64.ActiveCfg = Debug|Any CPU
		{C39858F7-33F2-4981-8AD9-9FCA12F9E2E4}.Debug|x64.Build.0 = Debug|Any CPU
		{C39858F7-33F2-4981-8AD9-9FCA12F9E2E4}.Debug|x86.ActiveCfg = Debug|Any CPU
		{C39858F7-33F2-4981-8AD9-9FCA12F9E2E4}.Debug|x86.Build.0 = Debug|Any CPU
		{C39858F7-33F2-4981-8AD9-9FCA12F9E2E4}.Release|Any CPU.ActiveCfg = Release|Any CPU
		{C39858F7-33F2-4981-8AD9-9FCA12F9E2E4}.Release|Any CPU.Build.0 = Release|Any CPU
		{C39858F7-33F2-4981-8AD9-9FCA12F9E2E4}.Release|x64.ActiveCfg = Release|Any CPU
		{C39858F7-33F2-4981-8AD9-9FCA12F9E2E4}.Release|x64.Build.0 = Release|Any CPU
		{C39858F7-33F2-4981-8AD9-9FCA12F9E2E4}.Release|x86.ActiveCfg = Release|Any CPU
		{C39858F7-33F2-4981-8AD9-9FCA12F9E2E4}.Release|x86.Build.0 = Release|Any CPU
		{A5296BC7-931E-4BF4-8B55-10E7F905F762}.Debug|Any CPU.ActiveCfg = Debug|Any CPU
		{A5296BC7-931E-4BF4-8B55-10E7F905F762}.Debug|Any CPU.Build.0 = Debug|Any CPU
		{A5296BC7-931E-4BF4-8B55-10E7F905F762}.Debug|x64.ActiveCfg = Debug|Any CPU
		{A5296BC7-931E-4BF4-8B55-10E7F905F762}.Debug|x64.Build.0 = Debug|Any CPU
		{A5296BC7-931E-4BF4-8B55-10E7F905F762}.Debug|x86.ActiveCfg = Debug|Any CPU
		{A5296BC7-931E-4BF4-8B55-10E7F905F762}.Debug|x86.Build.0 = Debug|Any CPU
		{A5296BC7-931E-4BF4-8B55-10E7F905F762}.Release|Any CPU.ActiveCfg = Release|Any CPU
		{A5296BC7-931E-4BF4-8B55-10E7F905F762}.Release|Any CPU.Build.0 = Release|Any CPU
		{A5296BC7-931E-4BF4-8B55-10E7F905F762}.Release|x64.ActiveCfg = Release|Any CPU
		{A5296BC7-931E-4BF4-8B55-10E7F905F762}.Release|x64.Build.0 = Release|Any CPU
		{A5296BC7-931E-4BF4-8B55-10E7F905F762}.Release|x86.ActiveCfg = Release|Any CPU
		{A5296BC7-931E-4BF4-8B55-10E7F905F762}.Release|x86.Build.0 = Release|Any CPU
		{0C92534F-B803-42B6-9E53-25A9789F1E6B}.Debug|Any CPU.ActiveCfg = Debug|Any CPU
		{0C92534F-B803-42B6-9E53-25A9789F1E6B}.Debug|Any CPU.Build.0 = Debug|Any CPU
		{0C92534F-B803-42B6-9E53-25A9789F1E6B}.Debug|x64.ActiveCfg = Debug|Any CPU
		{0C92534F-B803-42B6-9E53-25A9789F1E6B}.Debug|x64.Build.0 = Debug|Any CPU
		{0C92534F-B803-42B6-9E53-25A9789F1E6B}.Debug|x86.ActiveCfg = Debug|Any CPU
		{0C92534F-B803-42B6-9E53-25A9789F1E6B}.Debug|x86.Build.0 = Debug|Any CPU
		{0C92534F-B803-42B6-9E53-25A9789F1E6B}.Release|Any CPU.ActiveCfg = Release|Any CPU
		{0C92534F-B803-42B6-9E53-25A9789F1E6B}.Release|Any CPU.Build.0 = Release|Any CPU
		{0C92534F-B803-42B6-9E53-25A9789F1E6B}.Release|x64.ActiveCfg = Release|Any CPU
		{0C92534F-B803-42B6-9E53-25A9789F1E6B}.Release|x64.Build.0 = Release|Any CPU
		{0C92534F-B803-42B6-9E53-25A9789F1E6B}.Release|x86.ActiveCfg = Release|Any CPU
		{0C92534F-B803-42B6-9E53-25A9789F1E6B}.Release|x86.Build.0 = Release|Any CPU
		{3A5B3EE3-6BFC-4D8D-91D3-943AC981CA1F}.Debug|Any CPU.ActiveCfg = Debug|Any CPU
		{3A5B3EE3-6BFC-4D8D-91D3-943AC981CA1F}.Debug|Any CPU.Build.0 = Debug|Any CPU
		{3A5B3EE3-6BFC-4D8D-91D3-943AC981CA1F}.Debug|x64.ActiveCfg = Debug|Any CPU
		{3A5B3EE3-6BFC-4D8D-91D3-943AC981CA1F}.Debug|x64.Build.0 = Debug|Any CPU
		{3A5B3EE3-6BFC-4D8D-91D3-943AC981CA1F}.Debug|x86.ActiveCfg = Debug|Any CPU
		{3A5B3EE3-6BFC-4D8D-91D3-943AC981CA1F}.Debug|x86.Build.0 = Debug|Any CPU
		{3A5B3EE3-6BFC-4D8D-91D3-943AC981CA1F}.Release|Any CPU.ActiveCfg = Release|Any CPU
		{3A5B3EE3-6BFC-4D8D-91D3-943AC981CA1F}.Release|Any CPU.Build.0 = Release|Any CPU
		{3A5B3EE3-6BFC-4D8D-91D3-943AC981CA1F}.Release|x64.ActiveCfg = Release|Any CPU
		{3A5B3EE3-6BFC-4D8D-91D3-943AC981CA1F}.Release|x64.Build.0 = Release|Any CPU
		{3A5B3EE3-6BFC-4D8D-91D3-943AC981CA1F}.Release|x86.ActiveCfg = Release|Any CPU
		{3A5B3EE3-6BFC-4D8D-91D3-943AC981CA1F}.Release|x86.Build.0 = Release|Any CPU
		{CBFF19AB-51A4-49E2-A10D-8D8AD859DD66}.Debug|Any CPU.ActiveCfg = Debug|Any CPU
		{CBFF19AB-51A4-49E2-A10D-8D8AD859DD66}.Debug|Any CPU.Build.0 = Debug|Any CPU
		{CBFF19AB-51A4-49E2-A10D-8D8AD859DD66}.Debug|x64.ActiveCfg = Debug|Any CPU
		{CBFF19AB-51A4-49E2-A10D-8D8AD859DD66}.Debug|x64.Build.0 = Debug|Any CPU
		{CBFF19AB-51A4-49E2-A10D-8D8AD859DD66}.Debug|x86.ActiveCfg = Debug|Any CPU
		{CBFF19AB-51A4-49E2-A10D-8D8AD859DD66}.Debug|x86.Build.0 = Debug|Any CPU
		{CBFF19AB-51A4-49E2-A10D-8D8AD859DD66}.Release|Any CPU.ActiveCfg = Release|Any CPU
		{CBFF19AB-51A4-49E2-A10D-8D8AD859DD66}.Release|Any CPU.Build.0 = Release|Any CPU
		{CBFF19AB-51A4-49E2-A10D-8D8AD859DD66}.Release|x64.ActiveCfg = Release|Any CPU
		{CBFF19AB-51A4-49E2-A10D-8D8AD859DD66}.Release|x64.Build.0 = Release|Any CPU
		{CBFF19AB-51A4-49E2-A10D-8D8AD859DD66}.Release|x86.ActiveCfg = Release|Any CPU
		{CBFF19AB-51A4-49E2-A10D-8D8AD859DD66}.Release|x86.Build.0 = Release|Any CPU
	EndGlobalSection
	GlobalSection(SolutionProperties) = preSolution
		HideSolutionNode = FALSE
	EndGlobalSection
EndGlobal
